
Microsoft Visual Studio Solution File, Format Version 12.00
# Visual Studio Version 16
VisualStudioVersion = 16.0.28803.452
MinimumVisualStudioVersion = 10.0.40219.1
Project("{2150E333-8FDC-42A3-9474-1A3956D46DE8}") = "SolutionItems", "SolutionItems", "{C317F1B1-D75E-4C6D-83EB-80367343E0D7}"
	ProjectSection(SolutionItems) = preProject
		.editorconfig = .editorconfig
		.travis.yml = .travis.yml
		appveyor.yml = appveyor.yml
		build.cmd = build.cmd
		build.ps1 = build.ps1
		codecov.yml = codecov.yml
		CodeCoverage.runsettings = CodeCoverage.runsettings
		.github\CONTRIBUTING.md = .github\CONTRIBUTING.md
		NuGet.config = NuGet.config
		README.md = README.md
		shared-infrastructure\SixLabors.ruleset = shared-infrastructure\SixLabors.ruleset
		shared-infrastructure\SixLabors.Tests.ruleset = shared-infrastructure\SixLabors.Tests.ruleset
		shared-infrastructure\stylecop.json = shared-infrastructure\stylecop.json
	EndProjectSection
EndProject
Project("{2150E333-8FDC-42A3-9474-1A3956D46DE8}") = "Source", "Source", "{815C0625-CD3D-440F-9F80-2D83856AB7AE}"
EndProject
Project("{2150E333-8FDC-42A3-9474-1A3956D46DE8}") = "Tests", "Tests", "{56801022-D71A-4FBE-BC5B-CBA08E2284EC}"
EndProject
Project("{2150E333-8FDC-42A3-9474-1A3956D46DE8}") = "Shared", "Shared", "{9E574A07-F879-4811-9C41-5CBDC6BAFDB7}"
	ProjectSection(SolutionItems) = preProject
		src\Shared\AssemblyInfo.Common.cs = src\Shared\AssemblyInfo.Common.cs
	EndProjectSection
EndProject
Project("{9A19103F-16F7-4668-BE54-9A1E7A4F7556}") = "ImageSharp.Web", "src\ImageSharp.Web\ImageSharp.Web.csproj", "{2F1B36E2-5D92-4442-B816-D2A978246435}"
EndProject
Project("{9A19103F-16F7-4668-BE54-9A1E7A4F7556}") = "ImageSharp.Web.Tests", "tests\ImageSharp.Web.Tests\ImageSharp.Web.Tests.csproj", "{8864C96C-94AA-454D-BAF5-779216C3745A}"
EndProject
Project("{2150E333-8FDC-42A3-9474-1A3956D46DE8}") = "Samples", "Samples", "{EA4178FC-11E3-496A-B630-0680B35E0AF8}"
EndProject
Project("{9A19103F-16F7-4668-BE54-9A1E7A4F7556}") = "ImageSharp.Web.Sample", "samples\ImageSharp.Web.Sample\ImageSharp.Web.Sample.csproj", "{BD73DBBD-6859-44C2-99FC-84148A6239A5}"
EndProject
Project("{9A19103F-16F7-4668-BE54-9A1E7A4F7556}") = "ImageSharp.Web.Benchmarks", "tests\ImageSharp.Web.Benchmarks\ImageSharp.Web.Benchmarks.csproj", "{0B15E490-7821-42DF-86A5-4DEAE921DE59}"
EndProject
Project("{9A19103F-16F7-4668-BE54-9A1E7A4F7556}") = "ImageSharp.Web.Providers.Azure", "src\ImageSharp.Web.Providers.Azure\ImageSharp.Web.Providers.Azure.csproj", "{E2A545EC-B909-4EAD-B95F-397F68588BE3}"
EndProject
Global
	GlobalSection(SolutionConfigurationPlatforms) = preSolution
		Debug|Any CPU = Debug|Any CPU
		Debug|x64 = Debug|x64
		Debug|x86 = Debug|x86
		Release|Any CPU = Release|Any CPU
		Release|x64 = Release|x64
		Release|x86 = Release|x86
	EndGlobalSection
	GlobalSection(ProjectConfigurationPlatforms) = postSolution
		{2F1B36E2-5D92-4442-B816-D2A978246435}.Debug|Any CPU.ActiveCfg = Debug|Any CPU
		{2F1B36E2-5D92-4442-B816-D2A978246435}.Debug|Any CPU.Build.0 = Debug|Any CPU
		{2F1B36E2-5D92-4442-B816-D2A978246435}.Debug|x64.ActiveCfg = Debug|Any CPU
		{2F1B36E2-5D92-4442-B816-D2A978246435}.Debug|x64.Build.0 = Debug|Any CPU
		{2F1B36E2-5D92-4442-B816-D2A978246435}.Debug|x86.ActiveCfg = Debug|Any CPU
		{2F1B36E2-5D92-4442-B816-D2A978246435}.Debug|x86.Build.0 = Debug|Any CPU
		{2F1B36E2-5D92-4442-B816-D2A978246435}.Release|Any CPU.ActiveCfg = Release|Any CPU
		{2F1B36E2-5D92-4442-B816-D2A978246435}.Release|Any CPU.Build.0 = Release|Any CPU
		{2F1B36E2-5D92-4442-B816-D2A978246435}.Release|x64.ActiveCfg = Release|Any CPU
		{2F1B36E2-5D92-4442-B816-D2A978246435}.Release|x64.Build.0 = Release|Any CPU
		{2F1B36E2-5D92-4442-B816-D2A978246435}.Release|x86.ActiveCfg = Release|Any CPU
		{2F1B36E2-5D92-4442-B816-D2A978246435}.Release|x86.Build.0 = Release|Any CPU
		{8864C96C-94AA-454D-BAF5-779216C3745A}.Debug|Any CPU.ActiveCfg = Debug|Any CPU
		{8864C96C-94AA-454D-BAF5-779216C3745A}.Debug|Any CPU.Build.0 = Debug|Any CPU
		{8864C96C-94AA-454D-BAF5-779216C3745A}.Debug|x64.ActiveCfg = Debug|Any CPU
		{8864C96C-94AA-454D-BAF5-779216C3745A}.Debug|x64.Build.0 = Debug|Any CPU
		{8864C96C-94AA-454D-BAF5-779216C3745A}.Debug|x86.ActiveCfg = Debug|Any CPU
		{8864C96C-94AA-454D-BAF5-779216C3745A}.Debug|x86.Build.0 = Debug|Any CPU
		{8864C96C-94AA-454D-BAF5-779216C3745A}.Release|Any CPU.ActiveCfg = Release|Any CPU
		{8864C96C-94AA-454D-BAF5-779216C3745A}.Release|Any CPU.Build.0 = Release|Any CPU
		{8864C96C-94AA-454D-BAF5-779216C3745A}.Release|x64.ActiveCfg = Release|Any CPU
		{8864C96C-94AA-454D-BAF5-779216C3745A}.Release|x64.Build.0 = Release|Any CPU
		{8864C96C-94AA-454D-BAF5-779216C3745A}.Release|x86.ActiveCfg = Release|Any CPU
		{8864C96C-94AA-454D-BAF5-779216C3745A}.Release|x86.Build.0 = Release|Any CPU
		{BD73DBBD-6859-44C2-99FC-84148A6239A5}.Debug|Any CPU.ActiveCfg = Debug|Any CPU
		{BD73DBBD-6859-44C2-99FC-84148A6239A5}.Debug|Any CPU.Build.0 = Debug|Any CPU
		{BD73DBBD-6859-44C2-99FC-84148A6239A5}.Debug|x64.ActiveCfg = Debug|Any CPU
		{BD73DBBD-6859-44C2-99FC-84148A6239A5}.Debug|x64.Build.0 = Debug|Any CPU
		{BD73DBBD-6859-44C2-99FC-84148A6239A5}.Debug|x86.ActiveCfg = Debug|Any CPU
		{BD73DBBD-6859-44C2-99FC-84148A6239A5}.Debug|x86.Build.0 = Debug|Any CPU
		{BD73DBBD-6859-44C2-99FC-84148A6239A5}.Release|Any CPU.ActiveCfg = Release|Any CPU
		{BD73DBBD-6859-44C2-99FC-84148A6239A5}.Release|Any CPU.Build.0 = Release|Any CPU
		{BD73DBBD-6859-44C2-99FC-84148A6239A5}.Release|x64.ActiveCfg = Release|Any CPU
		{BD73DBBD-6859-44C2-99FC-84148A6239A5}.Release|x64.Build.0 = Release|Any CPU
		{BD73DBBD-6859-44C2-99FC-84148A6239A5}.Release|x86.ActiveCfg = Release|Any CPU
		{BD73DBBD-6859-44C2-99FC-84148A6239A5}.Release|x86.Build.0 = Release|Any CPU
		{0B15E490-7821-42DF-86A5-4DEAE921DE59}.Debug|Any CPU.ActiveCfg = Debug|Any CPU
		{0B15E490-7821-42DF-86A5-4DEAE921DE59}.Debug|Any CPU.Build.0 = Debug|Any CPU
		{0B15E490-7821-42DF-86A5-4DEAE921DE59}.Debug|x64.ActiveCfg = Debug|Any CPU
		{0B15E490-7821-42DF-86A5-4DEAE921DE59}.Debug|x64.Build.0 = Debug|Any CPU
		{0B15E490-7821-42DF-86A5-4DEAE921DE59}.Debug|x86.ActiveCfg = Debug|Any CPU
		{0B15E490-7821-42DF-86A5-4DEAE921DE59}.Debug|x86.Build.0 = Debug|Any CPU
		{0B15E490-7821-42DF-86A5-4DEAE921DE59}.Release|Any CPU.ActiveCfg = Release|Any CPU
		{0B15E490-7821-42DF-86A5-4DEAE921DE59}.Release|Any CPU.Build.0 = Release|Any CPU
		{0B15E490-7821-42DF-86A5-4DEAE921DE59}.Release|x64.ActiveCfg = Release|Any CPU
		{0B15E490-7821-42DF-86A5-4DEAE921DE59}.Release|x64.Build.0 = Release|Any CPU
		{0B15E490-7821-42DF-86A5-4DEAE921DE59}.Release|x86.ActiveCfg = Release|Any CPU
		{0B15E490-7821-42DF-86A5-4DEAE921DE59}.Release|x86.Build.0 = Release|Any CPU
		{E2A545EC-B909-4EAD-B95F-397F68588BE3}.Debug|Any CPU.ActiveCfg = Debug|Any CPU
		{E2A545EC-B909-4EAD-B95F-397F68588BE3}.Debug|Any CPU.Build.0 = Debug|Any CPU
		{E2A545EC-B909-4EAD-B95F-397F68588BE3}.Debug|x64.ActiveCfg = Debug|Any CPU
		{E2A545EC-B909-4EAD-B95F-397F68588BE3}.Debug|x64.Build.0 = Debug|Any CPU
		{E2A545EC-B909-4EAD-B95F-397F68588BE3}.Debug|x86.ActiveCfg = Debug|Any CPU
		{E2A545EC-B909-4EAD-B95F-397F68588BE3}.Debug|x86.Build.0 = Debug|Any CPU
		{E2A545EC-B909-4EAD-B95F-397F68588BE3}.Release|Any CPU.ActiveCfg = Release|Any CPU
		{E2A545EC-B909-4EAD-B95F-397F68588BE3}.Release|Any CPU.Build.0 = Release|Any CPU
		{E2A545EC-B909-4EAD-B95F-397F68588BE3}.Release|x64.ActiveCfg = Release|Any CPU
		{E2A545EC-B909-4EAD-B95F-397F68588BE3}.Release|x64.Build.0 = Release|Any CPU
		{E2A545EC-B909-4EAD-B95F-397F68588BE3}.Release|x86.ActiveCfg = Release|Any CPU
		{E2A545EC-B909-4EAD-B95F-397F68588BE3}.Release|x86.Build.0 = Release|Any CPU
	EndGlobalSection
	GlobalSection(SolutionProperties) = preSolution
		HideSolutionNode = FALSE
	EndGlobalSection
	GlobalSection(NestedProjects) = preSolution
		{9E574A07-F879-4811-9C41-5CBDC6BAFDB7} = {815C0625-CD3D-440F-9F80-2D83856AB7AE}
		{2F1B36E2-5D92-4442-B816-D2A978246435} = {815C0625-CD3D-440F-9F80-2D83856AB7AE}
		{8864C96C-94AA-454D-BAF5-779216C3745A} = {56801022-D71A-4FBE-BC5B-CBA08E2284EC}
		{BD73DBBD-6859-44C2-99FC-84148A6239A5} = {EA4178FC-11E3-496A-B630-0680B35E0AF8}
		{0B15E490-7821-42DF-86A5-4DEAE921DE59} = {56801022-D71A-4FBE-BC5B-CBA08E2284EC}
		{E2A545EC-B909-4EAD-B95F-397F68588BE3} = {815C0625-CD3D-440F-9F80-2D83856AB7AE}
	EndGlobalSection
	GlobalSection(ExtensibilityGlobals) = postSolution
		SolutionGuid = {C5B38B65-A19E-4359-859C-5B2205429BD1}
	EndGlobalSection
EndGlobal
