
Microsoft Visual Studio Solution File, Format Version 12.00
# Visual Studio Version 17
VisualStudioVersion = 17.5.33424.131
MinimumVisualStudioVersion = 10.0.40219.1
Project("{2150E333-8FDC-42A3-9474-1A3956D46DE8}") = "_root", "_root", "{C317F1B1-D75E-4C6D-83EB-80367343E0D7}"
	ProjectSection(SolutionItems) = preProject
		.editorconfig = .editorconfig
		.gitignore = .gitignore
		before.ImageSharp.Web.sln.targets = before.ImageSharp.Web.sln.targets
		ci-build.ps1 = ci-build.ps1
		ci-pack.ps1 = ci-pack.ps1
		ci-test.ps1 = ci-test.ps1
		CODE_OF_CONDUCT.md = CODE_OF_CONDUCT.md
		Directory.Build.props = Directory.Build.props
		Directory.Build.targets = Directory.Build.targets
		LICENSE = LICENSE
		README.md = README.md
		SixLabors.ImageSharp.Web.props = SixLabors.ImageSharp.Web.props
		shared-infrastructure\SixLabors.ruleset = shared-infrastructure\SixLabors.ruleset
		shared-infrastructure\SixLabors.Tests.ruleset = shared-infrastructure\SixLabors.Tests.ruleset
		shared-infrastructure\stylecop.json = shared-infrastructure\stylecop.json
	EndProjectSection
EndProject
Project("{2150E333-8FDC-42A3-9474-1A3956D46DE8}") = "src", "src", "{815C0625-CD3D-440F-9F80-2D83856AB7AE}"
	ProjectSection(SolutionItems) = preProject
		src\Directory.Build.props = src\Directory.Build.props
		src\Directory.Build.targets = src\Directory.Build.targets
	EndProjectSection
EndProject
Project("{2150E333-8FDC-42A3-9474-1A3956D46DE8}") = "tests", "tests", "{56801022-D71A-4FBE-BC5B-CBA08E2284EC}"
	ProjectSection(SolutionItems) = preProject
		tests\Directory.Build.props = tests\Directory.Build.props
		tests\Directory.Build.targets = tests\Directory.Build.targets
	EndProjectSection
EndProject
Project("{9A19103F-16F7-4668-BE54-9A1E7A4F7556}") = "ImageSharp.Web", "src\ImageSharp.Web\ImageSharp.Web.csproj", "{2F1B36E2-5D92-4442-B816-D2A978246435}"
EndProject
Project("{9A19103F-16F7-4668-BE54-9A1E7A4F7556}") = "ImageSharp.Web.Tests", "tests\ImageSharp.Web.Tests\ImageSharp.Web.Tests.csproj", "{8864C96C-94AA-454D-BAF5-779216C3745A}"
EndProject
Project("{9A19103F-16F7-4668-BE54-9A1E7A4F7556}") = "ImageSharp.Web.Benchmarks", "tests\ImageSharp.Web.Benchmarks\ImageSharp.Web.Benchmarks.csproj", "{0B15E490-7821-42DF-86A5-4DEAE921DE59}"
EndProject
Project("{9A19103F-16F7-4668-BE54-9A1E7A4F7556}") = "ImageSharp.Web.Providers.Azure", "src\ImageSharp.Web.Providers.Azure\ImageSharp.Web.Providers.Azure.csproj", "{E2A545EC-B909-4EAD-B95F-397F68588BE3}"
EndProject
Project("{9A19103F-16F7-4668-BE54-9A1E7A4F7556}") = "ImageSharp.Web.Providers.AWS", "src\ImageSharp.Web.Providers.AWS\ImageSharp.Web.Providers.AWS.csproj", "{E631D300-ACD5-40EA-A6BB-08E22092EC76}"
EndProject
Project("{2150E333-8FDC-42A3-9474-1A3956D46DE8}") = ".github", ".github", "{B8152C86-B657-4967-B297-42F89A10D23A}"
	ProjectSection(SolutionItems) = preProject
		.github\CONTRIBUTING.md = .github\CONTRIBUTING.md
		.github\dependabot.yml = .github\dependabot.yml
		.github\FUNDING.yml = .github\FUNDING.yml
		.github\PULL_REQUEST_TEMPLATE.md = .github\PULL_REQUEST_TEMPLATE.md
	EndProjectSection
EndProject
Project("{D954291E-2A0B-460D-934E-DC6B0785DB48}") = "SharedInfrastructure", "shared-infrastructure\src\SharedInfrastructure\SharedInfrastructure.shproj", "{68A8CC40-6AED-4E96-B524-31B1158FDEEA}"
EndProject
Project("{2150E333-8FDC-42A3-9474-1A3956D46DE8}") = "ISSUE_TEMPLATE", "ISSUE_TEMPLATE", "{04955CD1-F249-4899-9F61-6C7487BEECE1}"
	ProjectSection(SolutionItems) = preProject
		.github\ISSUE_TEMPLATE\config.yml = .github\ISSUE_TEMPLATE\config.yml
		.github\ISSUE_TEMPLATE\oss-bug-report.yml = .github\ISSUE_TEMPLATE\oss-bug-report.yml
	EndProjectSection
EndProject
Project("{2150E333-8FDC-42A3-9474-1A3956D46DE8}") = "workflows", "workflows", "{2A5EF4AC-E228-42C1-970B-35630A9AF250}"
	ProjectSection(SolutionItems) = preProject
		.github\workflows\build-and-test.yml = .github\workflows\build-and-test.yml
	EndProjectSection
EndProject
Project("{2150E333-8FDC-42A3-9474-1A3956D46DE8}") = "samples", "samples", "{8B4A805D-D780-4A18-9BDA-4D27B4BD11AA}"
	ProjectSection(SolutionItems) = preProject
		samples\Directory.Build.props = samples\Directory.Build.props
		samples\Directory.Build.targets = samples\Directory.Build.targets
	EndProjectSection
EndProject
Project("{9A19103F-16F7-4668-BE54-9A1E7A4F7556}") = "ImageSharp.Web.Sample", "samples\ImageSharp.Web.Sample\ImageSharp.Web.Sample.csproj", "{8F40DEC6-A97F-4002-A504-13E188665A98}"
EndProject
Global
	GlobalSection(SolutionConfigurationPlatforms) = preSolution
		Debug|Any CPU = Debug|Any CPU
		Debug|x64 = Debug|x64
		Debug|x86 = Debug|x86
		Release|Any CPU = Release|Any CPU
		Release|x64 = Release|x64
		Release|x86 = Release|x86
	EndGlobalSection
	GlobalSection(ProjectConfigurationPlatforms) = postSolution
		{2F1B36E2-5D92-4442-B816-D2A978246435}.Debug|Any CPU.ActiveCfg = Debug|Any CPU
		{2F1B36E2-5D92-4442-B816-D2A978246435}.Debug|Any CPU.Build.0 = Debug|Any CPU
		{2F1B36E2-5D92-4442-B816-D2A978246435}.Debug|x64.ActiveCfg = Debug|Any CPU
		{2F1B36E2-5D92-4442-B816-D2A978246435}.Debug|x64.Build.0 = Debug|Any CPU
		{2F1B36E2-5D92-4442-B816-D2A978246435}.Debug|x86.ActiveCfg = Debug|Any CPU
		{2F1B36E2-5D92-4442-B816-D2A978246435}.Debug|x86.Build.0 = Debug|Any CPU
		{2F1B36E2-5D92-4442-B816-D2A978246435}.Release|Any CPU.ActiveCfg = Release|Any CPU
		{2F1B36E2-5D92-4442-B816-D2A978246435}.Release|Any CPU.Build.0 = Release|Any CPU
		{2F1B36E2-5D92-4442-B816-D2A978246435}.Release|x64.ActiveCfg = Release|Any CPU
		{2F1B36E2-5D92-4442-B816-D2A978246435}.Release|x64.Build.0 = Release|Any CPU
		{2F1B36E2-5D92-4442-B816-D2A978246435}.Release|x86.ActiveCfg = Release|Any CPU
		{2F1B36E2-5D92-4442-B816-D2A978246435}.Release|x86.Build.0 = Release|Any CPU
		{8864C96C-94AA-454D-BAF5-779216C3745A}.Debug|Any CPU.ActiveCfg = Debug|Any CPU
		{8864C96C-94AA-454D-BAF5-779216C3745A}.Debug|Any CPU.Build.0 = Debug|Any CPU
		{8864C96C-94AA-454D-BAF5-779216C3745A}.Debug|x64.ActiveCfg = Debug|Any CPU
		{8864C96C-94AA-454D-BAF5-779216C3745A}.Debug|x64.Build.0 = Debug|Any CPU
		{8864C96C-94AA-454D-BAF5-779216C3745A}.Debug|x86.ActiveCfg = Debug|Any CPU
		{8864C96C-94AA-454D-BAF5-779216C3745A}.Debug|x86.Build.0 = Debug|Any CPU
		{8864C96C-94AA-454D-BAF5-779216C3745A}.Release|Any CPU.ActiveCfg = Release|Any CPU
		{8864C96C-94AA-454D-BAF5-779216C3745A}.Release|Any CPU.Build.0 = Release|Any CPU
		{8864C96C-94AA-454D-BAF5-779216C3745A}.Release|x64.ActiveCfg = Release|Any CPU
		{8864C96C-94AA-454D-BAF5-779216C3745A}.Release|x64.Build.0 = Release|Any CPU
		{8864C96C-94AA-454D-BAF5-779216C3745A}.Release|x86.ActiveCfg = Release|Any CPU
		{8864C96C-94AA-454D-BAF5-779216C3745A}.Release|x86.Build.0 = Release|Any CPU
		{0B15E490-7821-42DF-86A5-4DEAE921DE59}.Debug|Any CPU.ActiveCfg = Debug|Any CPU
		{0B15E490-7821-42DF-86A5-4DEAE921DE59}.Debug|Any CPU.Build.0 = Debug|Any CPU
		{0B15E490-7821-42DF-86A5-4DEAE921DE59}.Debug|x64.ActiveCfg = Debug|Any CPU
		{0B15E490-7821-42DF-86A5-4DEAE921DE59}.Debug|x64.Build.0 = Debug|Any CPU
		{0B15E490-7821-42DF-86A5-4DEAE921DE59}.Debug|x86.ActiveCfg = Debug|Any CPU
		{0B15E490-7821-42DF-86A5-4DEAE921DE59}.Debug|x86.Build.0 = Debug|Any CPU
		{0B15E490-7821-42DF-86A5-4DEAE921DE59}.Release|Any CPU.ActiveCfg = Release|Any CPU
		{0B15E490-7821-42DF-86A5-4DEAE921DE59}.Release|Any CPU.Build.0 = Release|Any CPU
		{0B15E490-7821-42DF-86A5-4DEAE921DE59}.Release|x64.ActiveCfg = Release|Any CPU
		{0B15E490-7821-42DF-86A5-4DEAE921DE59}.Release|x64.Build.0 = Release|Any CPU
		{0B15E490-7821-42DF-86A5-4DEAE921DE59}.Release|x86.ActiveCfg = Release|Any CPU
		{0B15E490-7821-42DF-86A5-4DEAE921DE59}.Release|x86.Build.0 = Release|Any CPU
		{E2A545EC-B909-4EAD-B95F-397F68588BE3}.Debug|Any CPU.ActiveCfg = Debug|Any CPU
		{E2A545EC-B909-4EAD-B95F-397F68588BE3}.Debug|Any CPU.Build.0 = Debug|Any CPU
		{E2A545EC-B909-4EAD-B95F-397F68588BE3}.Debug|x64.ActiveCfg = Debug|Any CPU
		{E2A545EC-B909-4EAD-B95F-397F68588BE3}.Debug|x64.Build.0 = Debug|Any CPU
		{E2A545EC-B909-4EAD-B95F-397F68588BE3}.Debug|x86.ActiveCfg = Debug|Any CPU
		{E2A545EC-B909-4EAD-B95F-397F68588BE3}.Debug|x86.Build.0 = Debug|Any CPU
		{E2A545EC-B909-4EAD-B95F-397F68588BE3}.Release|Any CPU.ActiveCfg = Release|Any CPU
		{E2A545EC-B909-4EAD-B95F-397F68588BE3}.Release|Any CPU.Build.0 = Release|Any CPU
		{E2A545EC-B909-4EAD-B95F-397F68588BE3}.Release|x64.ActiveCfg = Release|Any CPU
		{E2A545EC-B909-4EAD-B95F-397F68588BE3}.Release|x64.Build.0 = Release|Any CPU
		{E2A545EC-B909-4EAD-B95F-397F68588BE3}.Release|x86.ActiveCfg = Release|Any CPU
		{E2A545EC-B909-4EAD-B95F-397F68588BE3}.Release|x86.Build.0 = Release|Any CPU
		{E631D300-ACD5-40EA-A6BB-08E22092EC76}.Debug|Any CPU.ActiveCfg = Debug|Any CPU
		{E631D300-ACD5-40EA-A6BB-08E22092EC76}.Debug|Any CPU.Build.0 = Debug|Any CPU
		{E631D300-ACD5-40EA-A6BB-08E22092EC76}.Debug|x64.ActiveCfg = Debug|Any CPU
		{E631D300-ACD5-40EA-A6BB-08E22092EC76}.Debug|x64.Build.0 = Debug|Any CPU
		{E631D300-ACD5-40EA-A6BB-08E22092EC76}.Debug|x86.ActiveCfg = Debug|Any CPU
		{E631D300-ACD5-40EA-A6BB-08E22092EC76}.Debug|x86.Build.0 = Debug|Any CPU
		{E631D300-ACD5-40EA-A6BB-08E22092EC76}.Release|Any CPU.ActiveCfg = Release|Any CPU
		{E631D300-ACD5-40EA-A6BB-08E22092EC76}.Release|Any CPU.Build.0 = Release|Any CPU
		{E631D300-ACD5-40EA-A6BB-08E22092EC76}.Release|x64.ActiveCfg = Release|Any CPU
		{E631D300-ACD5-40EA-A6BB-08E22092EC76}.Release|x64.Build.0 = Release|Any CPU
		{E631D300-ACD5-40EA-A6BB-08E22092EC76}.Release|x86.ActiveCfg = Release|Any CPU
		{E631D300-ACD5-40EA-A6BB-08E22092EC76}.Release|x86.Build.0 = Release|Any CPU
		{8F40DEC6-A97F-4002-A504-13E188665A98}.Debug|Any CPU.ActiveCfg = Debug|Any CPU
		{8F40DEC6-A97F-4002-A504-13E188665A98}.Debug|Any CPU.Build.0 = Debug|Any CPU
		{8F40DEC6-A97F-4002-A504-13E188665A98}.Debug|x64.ActiveCfg = Debug|Any CPU
		{8F40DEC6-A97F-4002-A504-13E188665A98}.Debug|x64.Build.0 = Debug|Any CPU
		{8F40DEC6-A97F-4002-A504-13E188665A98}.Debug|x86.ActiveCfg = Debug|Any CPU
		{8F40DEC6-A97F-4002-A504-13E188665A98}.Debug|x86.Build.0 = Debug|Any CPU
		{8F40DEC6-A97F-4002-A504-13E188665A98}.Release|Any CPU.ActiveCfg = Release|Any CPU
		{8F40DEC6-A97F-4002-A504-13E188665A98}.Release|Any CPU.Build.0 = Release|Any CPU
		{8F40DEC6-A97F-4002-A504-13E188665A98}.Release|x64.ActiveCfg = Release|Any CPU
		{8F40DEC6-A97F-4002-A504-13E188665A98}.Release|x64.Build.0 = Release|Any CPU
		{8F40DEC6-A97F-4002-A504-13E188665A98}.Release|x86.ActiveCfg = Release|Any CPU
		{8F40DEC6-A97F-4002-A504-13E188665A98}.Release|x86.Build.0 = Release|Any CPU
	EndGlobalSection
	GlobalSection(SolutionProperties) = preSolution
		HideSolutionNode = FALSE
	EndGlobalSection
	GlobalSection(NestedProjects) = preSolution
		{2F1B36E2-5D92-4442-B816-D2A978246435} = {815C0625-CD3D-440F-9F80-2D83856AB7AE}
		{8864C96C-94AA-454D-BAF5-779216C3745A} = {56801022-D71A-4FBE-BC5B-CBA08E2284EC}
		{0B15E490-7821-42DF-86A5-4DEAE921DE59} = {56801022-D71A-4FBE-BC5B-CBA08E2284EC}
		{E2A545EC-B909-4EAD-B95F-397F68588BE3} = {815C0625-CD3D-440F-9F80-2D83856AB7AE}
		{E631D300-ACD5-40EA-A6BB-08E22092EC76} = {815C0625-CD3D-440F-9F80-2D83856AB7AE}
		{B8152C86-B657-4967-B297-42F89A10D23A} = {C317F1B1-D75E-4C6D-83EB-80367343E0D7}
		{68A8CC40-6AED-4E96-B524-31B1158FDEEA} = {815C0625-CD3D-440F-9F80-2D83856AB7AE}
		{04955CD1-F249-4899-9F61-6C7487BEECE1} = {B8152C86-B657-4967-B297-42F89A10D23A}
		{2A5EF4AC-E228-42C1-970B-35630A9AF250} = {B8152C86-B657-4967-B297-42F89A10D23A}
		{8F40DEC6-A97F-4002-A504-13E188665A98} = {8B4A805D-D780-4A18-9BDA-4D27B4BD11AA}
	EndGlobalSection
	GlobalSection(ExtensibilityGlobals) = postSolution
		SolutionGuid = {C5B38B65-A19E-4359-859C-5B2205429BD1}
	EndGlobalSection
	GlobalSection(SharedMSBuildProjectFiles) = preSolution
		shared-infrastructure\src\SharedInfrastructure\SharedInfrastructure.projitems*{2f1b36e2-5d92-4442-b816-d2a978246435}*SharedItemsImports = 5
		shared-infrastructure\src\SharedInfrastructure\SharedInfrastructure.projitems*{68a8cc40-6aed-4e96-b524-31b1158fdeea}*SharedItemsImports = 13
		shared-infrastructure\src\SharedInfrastructure\SharedInfrastructure.projitems*{e2a545ec-b909-4ead-b95f-397f68588be3}*SharedItemsImports = 5
		shared-infrastructure\src\SharedInfrastructure\SharedInfrastructure.projitems*{e631d300-acd5-40ea-a6bb-08e22092ec76}*SharedItemsImports = 5
	EndGlobalSection
EndGlobal
